
Microsoft Visual Studio Solution File, Format Version 12.00
# Visual Studio 15
VisualStudioVersion = 15.0.26228.102
MinimumVisualStudioVersion = 10.0.40219.1
Project("{FAE04EC0-301F-11D3-BF4B-00C04F79EFBC}") = "jitm", "jitm\jitm.csproj", "{72AD46E2-A91A-4F36-8FCC-E1F026CE7E32}"
EndProject
Project("{8BC9CEB8-8B4A-11D0-8D11-00A0C91BC942}") = "jitmhook", "jitmhook\jitmhook.vcxproj", "{F998F5EE-DBC4-489E-B72B-12A2CDDE9D82}"
EndProject
Global
	GlobalSection(SolutionConfigurationPlatforms) = preSolution
		Debug|Any CPU = Debug|Any CPU
		Debug|x64 = Debug|x64
		Debug|x86 = Debug|x86
		Release|Any CPU = Release|Any CPU
		Release|x64 = Release|x64
		Release|x86 = Release|x86
	EndGlobalSection
	GlobalSection(ProjectConfigurationPlatforms) = postSolution
		{72AD46E2-A91A-4F36-8FCC-E1F026CE7E32}.Debug|Any CPU.ActiveCfg = Debug|Any CPU
		{72AD46E2-A91A-4F36-8FCC-E1F026CE7E32}.Debug|Any CPU.Build.0 = Debug|Any CPU
		{72AD46E2-A91A-4F36-8FCC-E1F026CE7E32}.Debug|x64.ActiveCfg = Debug|Any CPU
		{72AD46E2-A91A-4F36-8FCC-E1F026CE7E32}.Debug|x64.Build.0 = Debug|Any CPU
		{72AD46E2-A91A-4F36-8FCC-E1F026CE7E32}.Debug|x86.ActiveCfg = Debug|Any CPU
		{72AD46E2-A91A-4F36-8FCC-E1F026CE7E32}.Debug|x86.Build.0 = Debug|Any CPU
		{72AD46E2-A91A-4F36-8FCC-E1F026CE7E32}.Release|Any CPU.ActiveCfg = Release|Any CPU
		{72AD46E2-A91A-4F36-8FCC-E1F026CE7E32}.Release|Any CPU.Build.0 = Release|Any CPU
		{72AD46E2-A91A-4F36-8FCC-E1F026CE7E32}.Release|x64.ActiveCfg = Release|Any CPU
		{72AD46E2-A91A-4F36-8FCC-E1F026CE7E32}.Release|x64.Build.0 = Release|Any CPU
		{72AD46E2-A91A-4F36-8FCC-E1F026CE7E32}.Release|x86.ActiveCfg = Release|Any CPU
		{72AD46E2-A91A-4F36-8FCC-E1F026CE7E32}.Release|x86.Build.0 = Release|Any CPU
		{F998F5EE-DBC4-489E-B72B-12A2CDDE9D82}.Debug|Any CPU.ActiveCfg = Debug|Win32
		{F998F5EE-DBC4-489E-B72B-12A2CDDE9D82}.Debug|Any CPU.Build.0 = Debug|Win32
		{F998F5EE-DBC4-489E-B72B-12A2CDDE9D82}.Debug|x64.ActiveCfg = Debug|x64
		{F998F5EE-DBC4-489E-B72B-12A2CDDE9D82}.Debug|x64.Build.0 = Debug|x64
		{F998F5EE-DBC4-489E-B72B-12A2CDDE9D82}.Debug|x86.ActiveCfg = Debug|Win32
		{F998F5EE-DBC4-489E-B72B-12A2CDDE9D82}.Debug|x86.Build.0 = Debug|Win32
		{F998F5EE-DBC4-489E-B72B-12A2CDDE9D82}.Release|Any CPU.ActiveCfg = Release|Win32
		{F998F5EE-DBC4-489E-B72B-12A2CDDE9D82}.Release|Any CPU.Build.0 = Release|Win32
		{F998F5EE-DBC4-489E-B72B-12A2CDDE9D82}.Release|x64.ActiveCfg = Release|x64
		{F998F5EE-DBC4-489E-B72B-12A2CDDE9D82}.Release|x64.Build.0 = Release|x64
		{F998F5EE-DBC4-489E-B72B-12A2CDDE9D82}.Release|x86.ActiveCfg = Release|Win32
		{F998F5EE-DBC4-489E-B72B-12A2CDDE9D82}.Release|x86.Build.0 = Release|Win32
	EndGlobalSection
	GlobalSection(SolutionProperties) = preSolution
		HideSolutionNode = FALSE
	EndGlobalSection
	GlobalSection(ExtensibilityGlobals) = postSolution
		SolutionGuid = {7D328F2F-5EF2-4A71-ACA9-931864FED4D0}
	EndGlobalSection
EndGlobal
